// !$*UTF8*$!
{
	archiveVersion = 1;
	classes = {
	};
	objectVersion = 46;
	objects = {

/* Begin PBXBuildFile section */
		852583521E3FFA0D003A9616 /* AppDelegate.swift in Sources */ = {isa = PBXBuildFile; fileRef = 852583511E3FFA0D003A9616 /* AppDelegate.swift */; };
		852583541E3FFA0D003A9616 /* ViewController.swift in Sources */ = {isa = PBXBuildFile; fileRef = 852583531E3FFA0D003A9616 /* ViewController.swift */; };
		852583571E3FFA0D003A9616 /* Main.storyboard in Resources */ = {isa = PBXBuildFile; fileRef = 852583551E3FFA0D003A9616 /* Main.storyboard */; };
		852583591E3FFA0D003A9616 /* Assets.xcassets in Resources */ = {isa = PBXBuildFile; fileRef = 852583581E3FFA0D003A9616 /* Assets.xcassets */; };
		8525835C1E3FFA0D003A9616 /* LaunchScreen.storyboard in Resources */ = {isa = PBXBuildFile; fileRef = 8525835A1E3FFA0D003A9616 /* LaunchScreen.storyboard */; };
		EDDC8059AAF1CFB8EBF426BA /* Pods_ASScrollTest.framework in Frameworks */ = {isa = PBXBuildFile; fileRef = 65DD20A947534049230070E8 /* Pods_ASScrollTest.framework */; };
/* End PBXBuildFile section */

/* Begin PBXFileReference section */
		26400D0EBDAA43B39B80262C /* Pods-ASScrollTest.debug.xcconfig */ = {isa = PBXFileReference; includeInIndex = 1; lastKnownFileType = text.xcconfig; name = "Pods-ASScrollTest.debug.xcconfig"; path = "Pods/Target Support Files/Pods-ASScrollTest/Pods-ASScrollTest.debug.xcconfig"; sourceTree = "<group>"; };
		627435ECFFF38E1671BA27B6 /* Pods-ASScrollTest.release.xcconfig */ = {isa = PBXFileReference; includeInIndex = 1; lastKnownFileType = text.xcconfig; name = "Pods-ASScrollTest.release.xcconfig"; path = "Pods/Target Support Files/Pods-ASScrollTest/Pods-ASScrollTest.release.xcconfig"; sourceTree = "<group>"; };
		65DD20A947534049230070E8 /* Pods_ASScrollTest.framework */ = {isa = PBXFileReference; explicitFileType = wrapper.framework; includeInIndex = 0; path = Pods_ASScrollTest.framework; sourceTree = BUILT_PRODUCTS_DIR; };
		8525834E1E3FFA0D003A9616 /* ASScrollTest.app */ = {isa = PBXFileReference; explicitFileType = wrapper.application; includeInIndex = 0; path = ASScrollTest.app; sourceTree = BUILT_PRODUCTS_DIR; };
		852583511E3FFA0D003A9616 /* AppDelegate.swift */ = {isa = PBXFileReference; lastKnownFileType = sourcecode.swift; path = AppDelegate.swift; sourceTree = "<group>"; };
		852583531E3FFA0D003A9616 /* ViewController.swift */ = {isa = PBXFileReference; lastKnownFileType = sourcecode.swift; path = ViewController.swift; sourceTree = "<group>"; };
		852583561E3FFA0D003A9616 /* Base */ = {isa = PBXFileReference; lastKnownFileType = file.storyboard; name = Base; path = Base.lproj/Main.storyboard; sourceTree = "<group>"; };
		852583581E3FFA0D003A9616 /* Assets.xcassets */ = {isa = PBXFileReference; lastKnownFileType = folder.assetcatalog; path = Assets.xcassets; sourceTree = "<group>"; };
		8525835B1E3FFA0D003A9616 /* Base */ = {isa = PBXFileReference; lastKnownFileType = file.storyboard; name = Base; path = Base.lproj/LaunchScreen.storyboard; sourceTree = "<group>"; };
		8525835D1E3FFA0D003A9616 /* Info.plist */ = {isa = PBXFileReference; lastKnownFileType = text.plist.xml; path = Info.plist; sourceTree = "<group>"; };
/* End PBXFileReference section */

/* Begin PBXFrameworksBuildPhase section */
		8525834B1E3FFA0D003A9616 /* Frameworks */ = {
			isa = PBXFrameworksBuildPhase;
			buildActionMask = 2147483647;
			files = (
				EDDC8059AAF1CFB8EBF426BA /* Pods_ASScrollTest.framework in Frameworks */,
			);
			runOnlyForDeploymentPostprocessing = 0;
		};
/* End PBXFrameworksBuildPhase section */

/* Begin PBXGroup section */
		1E294D660BA6F5708F88352D /* Frameworks */ = {
			isa = PBXGroup;
			children = (
				65DD20A947534049230070E8 /* Pods_ASScrollTest.framework */,
			);
			name = Frameworks;
			sourceTree = "<group>";
		};
		58C6C8CD7AFD19012A046DCF /* Pods */ = {
			isa = PBXGroup;
			children = (
				26400D0EBDAA43B39B80262C /* Pods-ASScrollTest.debug.xcconfig */,
				627435ECFFF38E1671BA27B6 /* Pods-ASScrollTest.release.xcconfig */,
			);
			name = Pods;
			sourceTree = "<group>";
		};
		852583451E3FFA0D003A9616 = {
			isa = PBXGroup;
			children = (
				852583501E3FFA0D003A9616 /* ASScrollTest */,
				8525834F1E3FFA0D003A9616 /* Products */,
				58C6C8CD7AFD19012A046DCF /* Pods */,
				1E294D660BA6F5708F88352D /* Frameworks */,
			);
			sourceTree = "<group>";
		};
		8525834F1E3FFA0D003A9616 /* Products */ = {
			isa = PBXGroup;
			children = (
				8525834E1E3FFA0D003A9616 /* ASScrollTest.app */,
			);
			name = Products;
			sourceTree = "<group>";
		};
		852583501E3FFA0D003A9616 /* ASScrollTest */ = {
			isa = PBXGroup;
			children = (
				852583511E3FFA0D003A9616 /* AppDelegate.swift */,
				852583531E3FFA0D003A9616 /* ViewController.swift */,
				852583551E3FFA0D003A9616 /* Main.storyboard */,
				852583581E3FFA0D003A9616 /* Assets.xcassets */,
				8525835A1E3FFA0D003A9616 /* LaunchScreen.storyboard */,
				8525835D1E3FFA0D003A9616 /* Info.plist */,
			);
			path = ASScrollTest;
			sourceTree = "<group>";
		};
/* End PBXGroup section */

/* Begin PBXNativeTarget section */
		8525834D1E3FFA0D003A9616 /* ASScrollTest */ = {
			isa = PBXNativeTarget;
			buildConfigurationList = 852583601E3FFA0D003A9616 /* Build configuration list for PBXNativeTarget "ASScrollTest" */;
			buildPhases = (
				BA639A9F2EA194F6D79B57F7 /* [CP] Check Pods Manifest.lock */,
				8525834A1E3FFA0D003A9616 /* Sources */,
				8525834B1E3FFA0D003A9616 /* Frameworks */,
				8525834C1E3FFA0D003A9616 /* Resources */,
				1FEC2A4E1E0C1AD9F073C67F /* [CP] Embed Pods Frameworks */,
				9DDA34CD0453052BDA368E3B /* [CP] Copy Pods Resources */,
			);
			buildRules = (
			);
			dependencies = (
			);
			name = ASScrollTest;
			productName = ASScrollTest;
			productReference = 8525834E1E3FFA0D003A9616 /* ASScrollTest.app */;
			productType = "com.apple.product-type.application";
		};
/* End PBXNativeTarget section */

/* Begin PBXProject section */
		852583461E3FFA0D003A9616 /* Project object */ = {
			isa = PBXProject;
			attributes = {
				LastSwiftUpdateCheck = 0820;
				LastUpgradeCheck = 0820;
				ORGANIZATIONNAME = "David Taylor";
				TargetAttributes = {
					8525834D1E3FFA0D003A9616 = {
						CreatedOnToolsVersion = 8.2.1;
						ProvisioningStyle = Automatic;
					};
				};
			};
			buildConfigurationList = 852583491E3FFA0D003A9616 /* Build configuration list for PBXProject "ASScrollTest" */;
			compatibilityVersion = "Xcode 3.2";
			developmentRegion = English;
			hasScannedForEncodings = 0;
			knownRegions = (
				en,
				Base,
			);
			mainGroup = 852583451E3FFA0D003A9616;
			productRefGroup = 8525834F1E3FFA0D003A9616 /* Products */;
			projectDirPath = "";
			projectRoot = "";
			targets = (
				8525834D1E3FFA0D003A9616 /* ASScrollTest */,
			);
		};
/* End PBXProject section */

/* Begin PBXResourcesBuildPhase section */
		8525834C1E3FFA0D003A9616 /* Resources */ = {
			isa = PBXResourcesBuildPhase;
			buildActionMask = 2147483647;
			files = (
				8525835C1E3FFA0D003A9616 /* LaunchScreen.storyboard in Resources */,
				852583591E3FFA0D003A9616 /* Assets.xcassets in Resources */,
				852583571E3FFA0D003A9616 /* Main.storyboard in Resources */,
			);
			runOnlyForDeploymentPostprocessing = 0;
		};
/* End PBXResourcesBuildPhase section */

/* Begin PBXShellScriptBuildPhase section */
		1FEC2A4E1E0C1AD9F073C67F /* [CP] Embed Pods Frameworks */ = {
			isa = PBXShellScriptBuildPhase;
			buildActionMask = 2147483647;
			files = (
			);
			inputPaths = (
			);
			name = "[CP] Embed Pods Frameworks";
			outputPaths = (
			);
			runOnlyForDeploymentPostprocessing = 0;
			shellPath = /bin/sh;
			shellScript = "\"${SRCROOT}/Pods/Target Support Files/Pods-ASScrollTest/Pods-ASScrollTest-frameworks.sh\"\n";
			showEnvVarsInLog = 0;
		};
		9DDA34CD0453052BDA368E3B /* [CP] Copy Pods Resources */ = {
			isa = PBXShellScriptBuildPhase;
			buildActionMask = 2147483647;
			files = (
			);
			inputPaths = (
			);
			name = "[CP] Copy Pods Resources";
			outputPaths = (
			);
			runOnlyForDeploymentPostprocessing = 0;
			shellPath = /bin/sh;
			shellScript = "\"${SRCROOT}/Pods/Target Support Files/Pods-ASScrollTest/Pods-ASScrollTest-resources.sh\"\n";
			showEnvVarsInLog = 0;
		};
		BA639A9F2EA194F6D79B57F7 /* [CP] Check Pods Manifest.lock */ = {
			isa = PBXShellScriptBuildPhase;
			buildActionMask = 2147483647;
			files = (
			);
			inputPaths = (
			);
			name = "[CP] Check Pods Manifest.lock";
			outputPaths = (
			);
			runOnlyForDeploymentPostprocessing = 0;
			shellPath = /bin/sh;
			shellScript = "diff \"${PODS_ROOT}/../Podfile.lock\" \"${PODS_ROOT}/Manifest.lock\" > /dev/null\nif [ $? != 0 ] ; then\n    # print error to STDERR\n    echo \"error: The sandbox is not in sync with the Podfile.lock. Run 'pod install' or update your CocoaPods installation.\" >&2\n    exit 1\nfi\n";
			showEnvVarsInLog = 0;
		};
/* End PBXShellScriptBuildPhase section */

/* Begin PBXSourcesBuildPhase section */
		8525834A1E3FFA0D003A9616 /* Sources */ = {
			isa = PBXSourcesBuildPhase;
			buildActionMask = 2147483647;
			files = (
				852583541E3FFA0D003A9616 /* ViewController.swift in Sources */,
				852583521E3FFA0D003A9616 /* AppDelegate.swift in Sources */,
			);
			runOnlyForDeploymentPostprocessing = 0;
		};
/* End PBXSourcesBuildPhase section */

/* Begin PBXVariantGroup section */
		852583551E3FFA0D003A9616 /* Main.storyboard */ = {
			isa = PBXVariantGroup;
			children = (
				852583561E3FFA0D003A9616 /* Base */,
			);
			name = Main.storyboard;
			sourceTree = "<group>";
		};
		8525835A1E3FFA0D003A9616 /* LaunchScreen.storyboard */ = {
			isa = PBXVariantGroup;
			children = (
				8525835B1E3FFA0D003A9616 /* Base */,
			);
			name = LaunchScreen.storyboard;
			sourceTree = "<group>";
		};
/* End PBXVariantGroup section */

/* Begin XCBuildConfiguration section */
		8525835E1E3FFA0D003A9616 /* Debug */ = {
			isa = XCBuildConfiguration;
			buildSettings = {
				ALWAYS_SEARCH_USER_PATHS = NO;
				CLANG_ANALYZER_NONNULL = YES;
				CLANG_CXX_LANGUAGE_STANDARD = "gnu++0x";
				CLANG_CXX_LIBRARY = "libc++";
				CLANG_ENABLE_MODULES = YES;
				CLANG_ENABLE_OBJC_ARC = YES;
				CLANG_WARN_BOOL_CONVERSION = YES;
				CLANG_WARN_CONSTANT_CONVERSION = YES;
				CLANG_WARN_DIRECT_OBJC_ISA_USAGE = YES_ERROR;
				CLANG_WARN_DOCUMENTATION_COMMENTS = YES;
				CLANG_WARN_EMPTY_BODY = YES;
				CLANG_WARN_ENUM_CONVERSION = YES;
				CLANG_WARN_INFINITE_RECURSION = YES;
				CLANG_WARN_INT_CONVERSION = YES;
				CLANG_WARN_OBJC_ROOT_CLASS = YES_ERROR;
				CLANG_WARN_SUSPICIOUS_MOVE = YES;
				CLANG_WARN_UNREACHABLE_CODE = YES;
				CLANG_WARN__DUPLICATE_METHOD_MATCH = YES;
				"CODE_SIGN_IDENTITY[sdk=iphoneos*]" = "iPhone Developer";
				COPY_PHASE_STRIP = NO;
				DEBUG_INFORMATION_FORMAT = dwarf;
				ENABLE_STRICT_OBJC_MSGSEND = YES;
				ENABLE_TESTABILITY = YES;
				GCC_C_LANGUAGE_STANDARD = gnu99;
				GCC_DYNAMIC_NO_PIC = NO;
				GCC_NO_COMMON_BLOCKS = YES;
				GCC_OPTIMIZATION_LEVEL = 0;
				GCC_PREPROCESSOR_DEFINITIONS = (
					"DEBUG=1",
					"$(inherited)",
				);
				GCC_WARN_64_TO_32_BIT_CONVERSION = YES;
				GCC_WARN_ABOUT_RETURN_TYPE = YES_ERROR;
				GCC_WARN_UNDECLARED_SELECTOR = YES;
				GCC_WARN_UNINITIALIZED_AUTOS = YES_AGGRESSIVE;
				GCC_WARN_UNUSED_FUNCTION = YES;
				GCC_WARN_UNUSED_VARIABLE = YES;
				IPHONEOS_DEPLOYMENT_TARGET = 10.2;
				MTL_ENABLE_DEBUG_INFO = YES;
				ONLY_ACTIVE_ARCH = YES;
				SDKROOT = iphoneos;
				SWIFT_ACTIVE_COMPILATION_CONDITIONS = DEBUG;
				SWIFT_OPTIMIZATION_LEVEL = "-Onone";
			};
			name = Debug;
		};
		8525835F1E3FFA0D003A9616 /* Release */ = {
			isa = XCBuildConfiguration;
			buildSettings = {
				ALWAYS_SEARCH_USER_PATHS = NO;
				CLANG_ANALYZER_NONNULL = YES;
				CLANG_CXX_LANGUAGE_STANDARD = "gnu++0x";
				CLANG_CXX_LIBRARY = "libc++";
				CLANG_ENABLE_MODULES = YES;
				CLANG_ENABLE_OBJC_ARC = YES;
				CLANG_WARN_BOOL_CONVERSION = YES;
				CLANG_WARN_CONSTANT_CONVERSION = YES;
				CLANG_WARN_DIRECT_OBJC_ISA_USAGE = YES_ERROR;
				CLANG_WARN_DOCUMENTATION_COMMENTS = YES;
				CLANG_WARN_EMPTY_BODY = YES;
				CLANG_WARN_ENUM_CONVERSION = YES;
				CLANG_WARN_INFINITE_RECURSION = YES;
				CLANG_WARN_INT_CONVERSION = YES;
				CLANG_WARN_OBJC_ROOT_CLASS = YES_ERROR;
				CLANG_WARN_SUSPICIOUS_MOVE = YES;
				CLANG_WARN_UNREACHABLE_CODE = YES;
				CLANG_WARN__DUPLICATE_METHOD_MATCH = YES;
				"CODE_SIGN_IDENTITY[sdk=iphoneos*]" = "iPhone Developer";
				COPY_PHASE_STRIP = NO;
				DEBUG_INFORMATION_FORMAT = "dwarf-with-dsym";
				ENABLE_NS_ASSERTIONS = NO;
				ENABLE_STRICT_OBJC_MSGSEND = YES;
				GCC_C_LANGUAGE_STANDARD = gnu99;
				GCC_NO_COMMON_BLOCKS = YES;
				GCC_WARN_64_TO_32_BIT_CONVERSION = YES;
				GCC_WARN_ABOUT_RETURN_TYPE = YES_ERROR;
				GCC_WARN_UNDECLARED_SELECTOR = YES;
				GCC_WARN_UNINITIALIZED_AUTOS = YES_AGGRESSIVE;
				GCC_WARN_UNUSED_FUNCTION = YES;
				GCC_WARN_UNUSED_VARIABLE = YES;
				IPHONEOS_DEPLOYMENT_TARGET = 10.2;
				MTL_ENABLE_DEBUG_INFO = NO;
				SDKROOT = iphoneos;
				SWIFT_OPTIMIZATION_LEVEL = "-Owholemodule";
				VALIDATE_PRODUCT = YES;
			};
			name = Release;
		};
		852583611E3FFA0D003A9616 /* Debug */ = {
			isa = XCBuildConfiguration;
			baseConfigurationReference = 26400D0EBDAA43B39B80262C /* Pods-ASScrollTest.debug.xcconfig */;
			buildSettings = {
				ASSETCATALOG_COMPILER_APPICON_NAME = AppIcon;
				INFOPLIST_FILE = ASScrollTest/Info.plist;
				LD_RUNPATH_SEARCH_PATHS = "$(inherited) @executable_path/Frameworks";
				PRODUCT_BUNDLE_IDENTIFIER = com.davertay.ASScrollTest;
				PRODUCT_NAME = "$(TARGET_NAME)";
				SWIFT_VERSION = 3.0;
			};
			name = Debug;
		};
		852583621E3FFA0D003A9616 /* Release */ = {
			isa = XCBuildConfiguration;
			baseConfigurationReference = 627435ECFFF38E1671BA27B6 /* Pods-ASScrollTest.release.xcconfig */;
			buildSettings = {
				ASSETCATALOG_COMPILER_APPICON_NAME = AppIcon;
				INFOPLIST_FILE = ASScrollTest/Info.plist;
				LD_RUNPATH_SEARCH_PATHS = "$(inherited) @executable_path/Frameworks";
				PRODUCT_BUNDLE_IDENTIFIER = com.davertay.ASScrollTest;
				PRODUCT_NAME = "$(TARGET_NAME)";
				SWIFT_VERSION = 3.0;
			};
			name = Release;
		};
/* End XCBuildConfiguration section */

/* Begin XCConfigurationList section */
		852583491E3FFA0D003A9616 /* Build configuration list for PBXProject "ASScrollTest" */ = {
			isa = XCConfigurationList;
			buildConfigurations = (
				8525835E1E3FFA0D003A9616 /* Debug */,
				8525835F1E3FFA0D003A9616 /* Release */,
			);
			defaultConfigurationIsVisible = 0;
			defaultConfigurationName = Release;
		};
		852583601E3FFA0D003A9616 /* Build configuration list for PBXNativeTarget "ASScrollTest" */ = {
			isa = XCConfigurationList;
			buildConfigurations = (
				852583611E3FFA0D003A9616 /* Debug */,
				852583621E3FFA0D003A9616 /* Release */,
			);
			defaultConfigurationIsVisible = 0;
		};
/* End XCConfigurationList section */
	};
	rootObject = 852583461E3FFA0D003A9616 /* Project object */;
}
